
Microsoft Visual Studio Solution File, Format Version 12.00
# Visual Studio 2013
VisualStudioVersion = 12.0.31101.0
MinimumVisualStudioVersion = 10.0.40219.1
Project("{8BC9CEB8-8B4A-11D0-8D11-00A0C91BC942}") = "NShadeCore", "NShadeCore\NShadeCore.vcxproj", "{0AD865D6-ACB4-4378-A97E-D7EAF1ECBF30}"
EndProject
Project("{8BC9CEB8-8B4A-11D0-8D11-00A0C91BC942}") = "NShadeUI", "NShadeUI\NShadeUI.vcxproj", "{0D1D857C-02E3-450F-B006-773E4CC34370}"
EndProject
Project("{8BC9CEB8-8B4A-11D0-8D11-00A0C91BC942}") = "NShadeATL", "NShadeATL\NShadeATL.vcxproj", "{2389C357-D86D-485E-AB2A-44FACC25EE00}"
EndProject
Project("{8BC9CEB8-8B4A-11D0-8D11-00A0C91BC942}") = "NShadeATLPS", "NShadeATL\NShadeATLPS.vcxproj", "{81A017EB-74A1-4720-A2AF-872F13FB97A1}"
	ProjectSection(ProjectDependencies) = postProject
		{2389C357-D86D-485E-AB2A-44FACC25EE00} = {2389C357-D86D-485E-AB2A-44FACC25EE00}
	EndProjectSection
EndProject
Project("{8BC9CEB8-8B4A-11D0-8D11-00A0C91BC942}") = "NShadeTests", "NShadeTests\NShadeTests.vcxproj", "{D307B3FC-8F9F-498E-9909-6B9FDE36B531}"
EndProject
Global
	GlobalSection(SolutionConfigurationPlatforms) = preSolution
		Debug|Win32 = Debug|Win32
		Debug|x64 = Debug|x64
		Release|Win32 = Release|Win32
		Release|x64 = Release|x64
	EndGlobalSection
	GlobalSection(ProjectConfigurationPlatforms) = postSolution
		{0AD865D6-ACB4-4378-A97E-D7EAF1ECBF30}.Debug|Win32.ActiveCfg = Debug|Win32
		{0AD865D6-ACB4-4378-A97E-D7EAF1ECBF30}.Debug|Win32.Build.0 = Debug|Win32
		{0AD865D6-ACB4-4378-A97E-D7EAF1ECBF30}.Debug|x64.ActiveCfg = Debug|Win32
		{0AD865D6-ACB4-4378-A97E-D7EAF1ECBF30}.Debug|x64.Build.0 = Debug|Win32
		{0AD865D6-ACB4-4378-A97E-D7EAF1ECBF30}.Release|Win32.ActiveCfg = Release|Win32
		{0AD865D6-ACB4-4378-A97E-D7EAF1ECBF30}.Release|Win32.Build.0 = Release|Win32
		{0AD865D6-ACB4-4378-A97E-D7EAF1ECBF30}.Release|x64.ActiveCfg = Release|x64
		{0AD865D6-ACB4-4378-A97E-D7EAF1ECBF30}.Release|x64.Build.0 = Release|x64
		{0D1D857C-02E3-450F-B006-773E4CC34370}.Debug|Win32.ActiveCfg = Debug|Win32
		{0D1D857C-02E3-450F-B006-773E4CC34370}.Debug|Win32.Build.0 = Debug|Win32
		{0D1D857C-02E3-450F-B006-773E4CC34370}.Debug|x64.ActiveCfg = Debug|x64
		{0D1D857C-02E3-450F-B006-773E4CC34370}.Debug|x64.Build.0 = Debug|x64
		{0D1D857C-02E3-450F-B006-773E4CC34370}.Release|Win32.ActiveCfg = Release|Win32
		{0D1D857C-02E3-450F-B006-773E4CC34370}.Release|Win32.Build.0 = Release|Win32
		{0D1D857C-02E3-450F-B006-773E4CC34370}.Release|x64.ActiveCfg = Release|x64
		{0D1D857C-02E3-450F-B006-773E4CC34370}.Release|x64.Build.0 = Release|x64
		{2389C357-D86D-485E-AB2A-44FACC25EE00}.Debug|Win32.ActiveCfg = Debug|Win32
		{2389C357-D86D-485E-AB2A-44FACC25EE00}.Debug|Win32.Build.0 = Debug|Win32
		{2389C357-D86D-485E-AB2A-44FACC25EE00}.Debug|x64.ActiveCfg = Debug|Win32
		{2389C357-D86D-485E-AB2A-44FACC25EE00}.Release|Win32.ActiveCfg = Release|Win32
		{2389C357-D86D-485E-AB2A-44FACC25EE00}.Release|Win32.Build.0 = Release|Win32
		{2389C357-D86D-485E-AB2A-44FACC25EE00}.Release|x64.ActiveCfg = Release|Win32
		{81A017EB-74A1-4720-A2AF-872F13FB97A1}.Debug|Win32.ActiveCfg = Debug|Win32
		{81A017EB-74A1-4720-A2AF-872F13FB97A1}.Debug|x64.ActiveCfg = Debug|Win32
		{81A017EB-74A1-4720-A2AF-872F13FB97A1}.Release|Win32.ActiveCfg = Release|Win32
		{81A017EB-74A1-4720-A2AF-872F13FB97A1}.Release|x64.ActiveCfg = Release|Win32
		{D307B3FC-8F9F-498E-9909-6B9FDE36B531}.Debug|Win32.ActiveCfg = Debug|Win32
		{D307B3FC-8F9F-498E-9909-6B9FDE36B531}.Debug|Win32.Build.0 = Debug|Win32
		{D307B3FC-8F9F-498E-9909-6B9FDE36B531}.Debug|x64.ActiveCfg = Debug|Win32
		{D307B3FC-8F9F-498E-9909-6B9FDE36B531}.Release|Win32.ActiveCfg = Release|Win32
		{D307B3FC-8F9F-498E-9909-6B9FDE36B531}.Release|Win32.Build.0 = Release|Win32
		{D307B3FC-8F9F-498E-9909-6B9FDE36B531}.Release|x64.ActiveCfg = Release|Win32
	EndGlobalSection
	GlobalSection(SolutionProperties) = preSolution
		HideSolutionNode = FALSE
	EndGlobalSection
EndGlobal
