<?xml version="1.0" encoding="utf-8"?>
<Project ToolsVersion="4.0" xmlns="http://schemas.microsoft.com/developer/msbuild/2003">
  <ItemGroup>
    <Filter Include="Source Files">
      <UniqueIdentifier>{adda9234-4301-4a95-b9a1-a02fb2161f92}</UniqueIdentifier>
    </Filter>
    <Filter Include="Generated Files">
      <UniqueIdentifier>{d9d82f45-2578-46a7-8569-a74939166f5f}</UniqueIdentifier>
      <SourceControlFiles>False</SourceControlFiles>
    </Filter>
  </ItemGroup>
  <ItemGroup>
    <None Include="NShadeATLps.def" />
  </ItemGroup>
  <ItemGroup>
    <ClCompile Include="NShadeATL_i.c">
      <Filter>Generated Files</Filter>
    </ClCompile>
    <ClCompile Include="NShadeATL_p.c">
      <Filter>Generated Files</Filter>
    </ClCompile>
    <ClCompile Include="dlldata.c">
      <Filter>Generated Files</Filter>
    </ClCompile>
  </ItemGroup>
</Project>